<?xml version="1.0" encoding="utf-8"?>
<Project ToolsVersion="4.0" xmlns="http://schemas.microsoft.com/developer/msbuild/2003">
  <ItemGroup>
    <Filter Include="ECS">
      <UniqueIdentifier>{93995380-89BD-4b04-88EB-625FBE52EBFB}</UniqueIdentifier>
      <Extensions>h;hh;hpp;hxx;h++;hm;inl;inc;ipp;xsd</Extensions>
    </Filter>
    <Filter Include="Memory">
      <UniqueIdentifier>{65d1ff4b-9862-4bb2-9720-a4e6be3ce4d6}</UniqueIdentifier>
    </Filter>
    <Filter Include="Src">
      <UniqueIdentifier>{4FC737F1-C7A5-4376-A066-2A32D752A2FF}</UniqueIdentifier>
      <Extensions>cpp;c;cc;cxx;c++;cppm;ixx;def;odl;idl;hpj;bat;asm;asmx</Extensions>
    </Filter>
    <Filter Include="MPL">
      <UniqueIdentifier>{8cdd1af8-6f0e-4be8-a974-7394deb2cc87}</UniqueIdentifier>
    </Filter>
    <Filter Include="MPL\Utils">
      <UniqueIdentifier>{c644bf8d-dd1c-457b-9eb8-c9bb03c192c9}</UniqueIdentifier>
    </Filter>
    <Filter Include="MPL\Test">
      <UniqueIdentifier>{a2f690bd-ada5-4224-99e5-362f1cf1d9ee}</UniqueIdentifier>
    </Filter>
    <Filter Include="Memory\Test">
      <UniqueIdentifier>{663f5221-1c60-4bbc-87a4-77af83cc0c7c}</UniqueIdentifier>
    </Filter>
  </ItemGroup>
  <ItemGroup>
    <ClCompile Include="Main.cpp">
      <Filter>Src</Filter>
    </ClCompile>
    <ClCompile Include="MPL\Test\TestAlign.cpp">
      <Filter>MPL\Test</Filter>
    </ClCompile>
    <ClCompile Include="MPL\Test\TestCompileTimeCounter.cpp">
      <Filter>MPL\Test</Filter>
    </ClCompile>
    <ClCompile Include="MPL\Test\TestStringHash.cpp">
      <Filter>MPL\Test</Filter>
    </ClCompile>
    <ClCompile Include="MPL\Test\TestMPL.cpp">
      <Filter>MPL\Test</Filter>
    </ClCompile>
    <ClCompile Include="Memory\Test\TestFreeList.cpp">
      <Filter>Memory\Test</Filter>
    </ClCompile>
    <ClCompile Include="Memory\Test\TestMultiTypeFixedChunk.cpp">
      <Filter>Memory\Test</Filter>
    </ClCompile>
    <ClCompile Include="Memory\Test\AllocatorTest.cpp">
      <Filter>Memory\Test</Filter>
    </ClCompile>
  </ItemGroup>
  <ItemGroup>
    <ClInclude Include="MPL\Utils\CompileTimeCounter.h">
      <Filter>MPL\Utils</Filter>
    </ClInclude>
    <ClInclude Include="MPL\Utils\CompileTimeStringHash.h">
      <Filter>MPL\Utils</Filter>
    </ClInclude>
    <ClInclude Include="MPL\Utils\Math.h">
      <Filter>MPL\Utils</Filter>
    </ClInclude>
    <ClInclude Include="MPL\Utils\Align.h">
      <Filter>MPL\Utils</Filter>
    </ClInclude>
    <ClInclude Include="MPL\MPL.h">
      <Filter>MPL</Filter>
    </ClInclude>
    <ClInclude Include="MPL\TypeList.h">
      <Filter>MPL</Filter>
    </ClInclude>
    <ClInclude Include="Memory\ConstantElementCountGrowth.h">
      <Filter>Memory</Filter>
    </ClInclude>
    <ClInclude Include="Memory\DefaultFreeList.h">
      <Filter>Memory</Filter>
    </ClInclude>
    <ClInclude Include="Memory\FixedChunkCacheFriendlyLink.h">
      <Filter>Memory</Filter>
    </ClInclude>
    <ClInclude Include="Memory\FreeList.h">
      <Filter>Memory</Filter>
    </ClInclude>
    <ClInclude Include="Memory\MultiTypeFixedChunk.h">
      <Filter>Memory</Filter>
    </ClInclude>
    <ClInclude Include="Memory\PlacementNewEmbeddedLink.h">
      <Filter>Memory</Filter>
    </ClInclude>
    <ClInclude Include="Memory\DefaultMultiTypeFixedChunk.h">
      <Filter>Memory</Filter>
    </ClInclude>
    <ClInclude Include="Memory\ConstantChunkSizeGrowth.h">
      <Filter>Memory</Filter>
    </ClInclude>
    <ClInclude Include="Memory\ChunkHandle.h">
      <Filter>Memory</Filter>
    </ClInclude>
    <ClInclude Include="ECS\Entity.h">
      <Filter>ECS</Filter>
    </ClInclude>
    <ClInclude Include="ECS\EntityAdmin.h">
      <Filter>ECS</Filter>
    </ClInclude>
    <ClInclude Include="ECS\ISystem.h">
      <Filter>ECS</Filter>
    </ClInclude>
    <ClInclude Include="ECS\System.h">
      <Filter>ECS</Filter>
    </ClInclude>
    <ClInclude Include="ECS\TypeID.h">
      <Filter>ECS</Filter>
    </ClInclude>
    <ClInclude Include="ECS\ArchetypeStorage.h">
      <Filter>ECS</Filter>
    </ClInclude>
  </ItemGroup>
</Project>